Microsoft Visual Studio Solution File, Format Version 12.00
# Visual Studio Version 16
VisualStudioVersion = 16.0.29709.97
MinimumVisualStudioVersion = 10.0.40219.1
Project("{9A19103F-16F7-4668-BE54-9A1E7A4F7556}") = "CentralDeErros", "CentralDeErros\CentralDeErros.csproj", "{C99558FB-CAF2-4DC4-AE14-0CCDEE26F6C7}"
EndProject
Project("{9A19103F-16F7-4668-BE54-9A1E7A4F7556}") = "CentralDeErrosService.Test", "CentralDeErrosService.Test\CentralDeErrosService.Test.csproj", "{65B9689C-C84E-43B4-AD2D-77CE14C15974}"
EndProject
Global
	GlobalSection(SolutionConfigurationPlatforms) = preSolution
		Debug|Any CPU = Debug|Any CPU
		Release|Any CPU = Release|Any CPU
	EndGlobalSection
	GlobalSection(ProjectConfigurationPlatforms) = postSolution
		{C99558FB-CAF2-4DC4-AE14-0CCDEE26F6C7}.Debug|Any CPU.ActiveCfg = Debug|Any CPU
		{C99558FB-CAF2-4DC4-AE14-0CCDEE26F6C7}.Debug|Any CPU.Build.0 = Debug|Any CPU
		{C99558FB-CAF2-4DC4-AE14-0CCDEE26F6C7}.Release|Any CPU.ActiveCfg = Release|Any CPU
		{C99558FB-CAF2-4DC4-AE14-0CCDEE26F6C7}.Release|Any CPU.Build.0 = Release|Any CPU
		{65B9689C-C84E-43B4-AD2D-77CE14C15974}.Debug|Any CPU.ActiveCfg = Debug|Any CPU
		{65B9689C-C84E-43B4-AD2D-77CE14C15974}.Debug|Any CPU.Build.0 = Debug|Any CPU
		{65B9689C-C84E-43B4-AD2D-77CE14C15974}.Release|Any CPU.ActiveCfg = Release|Any CPU
		{65B9689C-C84E-43B4-AD2D-77CE14C15974}.Release|Any CPU.Build.0 = Release|Any CPU
	EndGlobalSection
	GlobalSection(SolutionProperties) = preSolution
		HideSolutionNode = FALSE
	EndGlobalSection
	GlobalSection(ExtensibilityGlobals) = postSolution
		SolutionGuid = {69BBC3B8-F22A-454E-8916-43B0C5B20449}
	EndGlobalSection
EndGlobal
